
Microsoft Visual Studio Solution File, Format Version 12.00
# Visual Studio 15
VisualStudioVersion = 15.0.27130.2020
MinimumVisualStudioVersion = 10.0.40219.1
Project("{FAE04EC0-301F-11D3-BF4B-00C04F79EFBC}") = "AzureStorageProvider", "k10\src\AzureStorageProvider\AzureStorageProvider.csproj", "{B40D30B8-51B1-4568-B3AD-13ED85F7FF69}"
EndProject
Project("{FAE04EC0-301F-11D3-BF4B-00C04F79EFBC}") = "AzureStorageProvider.Tests", "k10\src\AzureStorageProvider.Tests\AzureStorageProvider.Tests.csproj", "{6DA5D58C-32B8-4283-BF4E-4F68D245CB71}"
EndProject
Global
	GlobalSection(SolutionConfigurationPlatforms) = preSolution
		Debug|Any CPU = Debug|Any CPU
		Release|Any CPU = Release|Any CPU
	EndGlobalSection
	GlobalSection(ProjectConfigurationPlatforms) = postSolution
		{B40D30B8-51B1-4568-B3AD-13ED85F7FF69}.Debug|Any CPU.ActiveCfg = Debug|Any CPU
		{B40D30B8-51B1-4568-B3AD-13ED85F7FF69}.Debug|Any CPU.Build.0 = Debug|Any CPU
		{B40D30B8-51B1-4568-B3AD-13ED85F7FF69}.Release|Any CPU.ActiveCfg = Release|Any CPU
		{B40D30B8-51B1-4568-B3AD-13ED85F7FF69}.Release|Any CPU.Build.0 = Release|Any CPU
		{6DA5D58C-32B8-4283-BF4E-4F68D245CB71}.Debug|Any CPU.ActiveCfg = Debug|Any CPU
		{6DA5D58C-32B8-4283-BF4E-4F68D245CB71}.Debug|Any CPU.Build.0 = Debug|Any CPU
		{6DA5D58C-32B8-4283-BF4E-4F68D245CB71}.Release|Any CPU.ActiveCfg = Release|Any CPU
		{6DA5D58C-32B8-4283-BF4E-4F68D245CB71}.Release|Any CPU.Build.0 = Release|Any CPU
	EndGlobalSection
	GlobalSection(SolutionProperties) = preSolution
		HideSolutionNode = FALSE
	EndGlobalSection
	GlobalSection(ExtensibilityGlobals) = postSolution
		SolutionGuid = {E8DA53D6-6CFD-4402-8298-A0ACAF8A8863}
	EndGlobalSection
EndGlobal
